
Microsoft Visual Studio Solution File, Format Version 12.00
# Visual Studio Version 16
VisualStudioVersion = 16.0.31205.134
MinimumVisualStudioVersion = 10.0.40219.1
Project("{FAE04EC0-301F-11D3-BF4B-00C04F79EFBC}") = "Haravan", "Haravan\Haravan.csproj", "{823EE7AA-347A-425A-9468-B13DCC5C9B7E}"
EndProject
Global
	GlobalSection(SolutionConfigurationPlatforms) = preSolution
		Debug|Any CPU = Debug|Any CPU
		Release|Any CPU = Release|Any CPU
	EndGlobalSection
	GlobalSection(ProjectConfigurationPlatforms) = postSolution
		{823EE7AA-347A-425A-9468-B13DCC5C9B7E}.Debug|Any CPU.ActiveCfg = Debug|Any CPU
		{823EE7AA-347A-425A-9468-B13DCC5C9B7E}.Debug|Any CPU.Build.0 = Debug|Any CPU
		{823EE7AA-347A-425A-9468-B13DCC5C9B7E}.Release|Any CPU.ActiveCfg = Release|Any CPU
		{823EE7AA-347A-425A-9468-B13DCC5C9B7E}.Release|Any CPU.Build.0 = Release|Any CPU
	EndGlobalSection
	GlobalSection(SolutionProperties) = preSolution
		HideSolutionNode = FALSE
	EndGlobalSection
	GlobalSection(ExtensibilityGlobals) = postSolution
		SolutionGuid = {46826826-09B6-4630-ABC0-6774BAEBD141}
	EndGlobalSection
EndGlobal
